
Microsoft Visual Studio Solution File, Format Version 12.00
# Visual Studio 14
VisualStudioVersion = 14.0.25123.0
MinimumVisualStudioVersion = 10.0.40219.1
Project("{8BC9CEB8-8B4A-11D0-8D11-00A0C91BC942}") = "a001哈囉", "a001哈囉\a001哈囉.vcxproj", "{3212C1DE-7FA2-41BF-AB91-8682963AD50F}"
EndProject
Project("{2150E333-8FDC-42A3-9474-1A3956D46DE8}") = "Solution Items", "Solution Items", "{BEBF7B16-E16F-4789-B904-FCAF656D8065}"
	ProjectSection(SolutionItems) = preProject
		README.md = README.md
	EndProjectSection
EndProject
Project("{8BC9CEB8-8B4A-11D0-8D11-00A0C91BC942}") = "a002簡易加法", "a002簡易加法\a002簡易加法.vcxproj", "{8ADE85B3-E49D-4AB3-8BEA-4F9D6B51214A}"
EndProject
Project("{8BC9CEB8-8B4A-11D0-8D11-00A0C91BC942}") = "a003兩光法師占卜術", "a003兩光法師占卜術\a003兩光法師占卜術.vcxproj", "{63C88DC8-E581-4407-85CE-7E76302CAA81}"
EndProject
Project("{8BC9CEB8-8B4A-11D0-8D11-00A0C91BC942}") = "a004文文的求婚", "a004文文的求婚\a004文文的求婚.vcxproj", "{C133A046-154A-402B-A2C9-25234EF61E1B}"
EndProject
Project("{8BC9CEB8-8B4A-11D0-8D11-00A0C91BC942}") = "a005Eva的回家作業", "a005Eva的回家作業\a005Eva的回家作業.vcxproj", "{13D1E2F3-1257-4C53-ACD4-D7426F5FB58E}"
EndProject
Project("{8BC9CEB8-8B4A-11D0-8D11-00A0C91BC942}") = "a006一元二次方程式", "a006一元二次方程式\a006一元二次方程式.vcxproj", "{64C867DD-D4BC-4926-AD1A-6031D8844CC0}"
EndProject
Project("{8BC9CEB8-8B4A-11D0-8D11-00A0C91BC942}") = "a009解碼器", "a009解碼器\a009解碼器.vcxproj", "{27C1F040-F53A-448B-88B7-4977C57A6B14}"
EndProject
Project("{8BC9CEB8-8B4A-11D0-8D11-00A0C91BC942}") = "a010因數分解", "a010因數分解\a010因數分解.vcxproj", "{D6047B1A-901E-4D9B-AA36-D2212ADC4AE2}"
EndProject
Project("{8BC9CEB8-8B4A-11D0-8D11-00A0C91BC942}") = "a013羅馬數字", "a013羅馬數字\a013羅馬數字.vcxproj", "{D74BF0EF-91A0-415A-A6AF-BC3184F482C3}"
EndProject
Project("{8BC9CEB8-8B4A-11D0-8D11-00A0C91BC942}") = "a015矩陣的翻轉", "a015矩陣的翻轉\a015矩陣的翻轉.vcxproj", "{2DD6B1FD-76E0-4221-ABBC-E059C89C2579}"
EndProject
Project("{8BC9CEB8-8B4A-11D0-8D11-00A0C91BC942}") = "a016數獨(SUDOKU)", "a016數獨(SUDOKU)\a016數獨(SUDOKU).vcxproj", "{D78EAB3F-C2F5-4F11-8A36-6FAA7DEA2711}"
EndProject
Project("{8BC9CEB8-8B4A-11D0-8D11-00A0C91BC942}") = "a020身分證檢驗", "a020身分證檢驗\a020身分證檢驗.vcxproj", "{E413E3A5-40FF-4487-9356-66FBD6F6BF8C}"
EndProject
Project("{8BC9CEB8-8B4A-11D0-8D11-00A0C91BC942}") = "a021大數運算", "a021大數運算\a021大數運算.vcxproj", "{1004E160-6AD3-409B-B84B-0A7F0D1DBA74}"
EndProject
Project("{8BC9CEB8-8B4A-11D0-8D11-00A0C91BC942}") = "a022迴文", "a022迴文\a022迴文.vcxproj", "{74BC9371-1F4A-4C5F-B7C3-CC244A26AFB2}"
EndProject
Project("{8BC9CEB8-8B4A-11D0-8D11-00A0C91BC942}") = "a024最大公因數(GCD)", "a024最大公因數(GCD)\a024最大公因數(GCD).vcxproj", "{01FBAC58-98D6-4A4C-AEC1-52E846609359}"
EndProject
Project("{8BC9CEB8-8B4A-11D0-8D11-00A0C91BC942}") = "a034二進位制轉換", "a034二進位制轉換\a034二進位制轉換.vcxproj", "{0E604015-812B-4F85-B192-0F7BC4B7BFE1}"
EndProject
Project("{8BC9CEB8-8B4A-11D0-8D11-00A0C91BC942}") = "a038數字翻轉", "a038數字翻轉\a038數字翻轉.vcxproj", "{97DC9C22-A657-402F-A621-A17FDD0849A3}"
EndProject
Project("{8BC9CEB8-8B4A-11D0-8D11-00A0C91BC942}") = "a040阿姆斯壯數", "a040阿姆斯壯數\a040阿姆斯壯數.vcxproj", "{912FF551-8E5E-4328-9D08-2FADEE4ED0D6}"
EndProject
Project("{8BC9CEB8-8B4A-11D0-8D11-00A0C91BC942}") = "a011 00494 - Kindergarten Counting Game", "a011 00494 - Kindergarten Counting Game\a011 00494 - Kindergarten Counting Game.vcxproj", "{DB8078AA-0F45-42F9-AFA6-2D596F4C316C}"
EndProject
Project("{8BC9CEB8-8B4A-11D0-8D11-00A0C91BC942}") = "a012 10055 - Hashmat the Brave Warrior", "a012 10055 - Hashmat the Brave Warrior\a012 10055 - Hashmat the Brave Warrior.vcxproj", "{F0ADAA20-313C-42D7-9854-F038225A96C4}"
EndProject
Project("{8BC9CEB8-8B4A-11D0-8D11-00A0C91BC942}") = "a007判斷質數", "a007判斷質數\a007判斷質數.vcxproj", "{3E23115E-1775-4919-928A-47D2DFC767A3}"
EndProject
Project("{8BC9CEB8-8B4A-11D0-8D11-00A0C91BC942}") = "a042平面圓形切割", "a042平面圓形切割\a042平面圓形切割.vcxproj", "{A12BB1E3-525A-43F4-B6FA-4CF3648CF2B7}"
EndProject
Project("{8BC9CEB8-8B4A-11D0-8D11-00A0C91BC942}") = "a044空間切割", "a044空間切割\a044空間切割.vcxproj", "{B80E2504-22F6-4433-9AB9-3F7712AF19A5}"
EndProject
Project("{8BC9CEB8-8B4A-11D0-8D11-00A0C91BC942}") = "a053Sagit's 計分程式", "a053Sagit's 計分程式\a053Sagit's 計分程式.vcxproj", "{50A9C32E-573F-49DE-BE59-82698A100CB2}"
EndProject
Project("{8BC9CEB8-8B4A-11D0-8D11-00A0C91BC942}") = "a054電話客服中心", "a054電話客服中心\a054電話客服中心.vcxproj", "{8902CD93-32B5-4AB1-B56F-DEB98617BCC6}"
EndProject
Project("{8BC9CEB8-8B4A-11D0-8D11-00A0C91BC942}") = "a058MOD3", "a058MOD3\a058MOD3.vcxproj", "{0FA3F323-DC30-44EE-BB4B-E572564D83A1}"
EndProject
Project("{8BC9CEB8-8B4A-11D0-8D11-00A0C91BC942}") = "a059完全平方和", "a059完全平方和\a059完全平方和.vcxproj", "{63F1AA27-F447-4E39-A2BA-2D128D7B69F2}"
EndProject
Project("{8BC9CEB8-8B4A-11D0-8D11-00A0C91BC942}") = "a065提款卡密碼", "a065提款卡密碼\a065提款卡密碼.vcxproj", "{68F12C8F-14A0-4823-A44E-8A56864E6B60}"
EndProject
Project("{8BC9CEB8-8B4A-11D0-8D11-00A0C91BC942}") = "a104排序", "a104排序\a104排序.vcxproj", "{3E69B4AD-3A6C-44E1-9EE5-DC7F6831D943}"
EndProject
Project("{8BC9CEB8-8B4A-11D0-8D11-00A0C91BC942}") = "a121質數又來囉", "a121質數又來囉\a121質數又來囉.vcxproj", "{66C58029-6CB6-4C26-9EC3-891511CA08C3}"
EndProject
Project("{8BC9CEB8-8B4A-11D0-8D11-00A0C91BC942}") = "a147Print it all", "a147Print it all\a147Print it all.vcxproj", "{CEEF5957-1599-4595-8250-752168C116C1}"
EndProject
Project("{8BC9CEB8-8B4A-11D0-8D11-00A0C91BC942}") = "a148You Cannot Pass", "a148You Cannot Pass\a148You Cannot Pass.vcxproj", "{FEC07991-73A0-4E29-96BC-9211C64E79E4}"
EndProject
Project("{8BC9CEB8-8B4A-11D0-8D11-00A0C91BC942}") = "a149乘乘樂", "a149乘乘樂\a149乘乘樂.vcxproj", "{68CAC6E9-E541-41DF-A484-E99AEE3F65CA}"
EndProject
Project("{8BC9CEB8-8B4A-11D0-8D11-00A0C91BC942}") = "a215明明愛數數", "a215明明愛數數\a215明明愛數數.vcxproj", "{3EB10327-25CE-4A39-892B-5CF04B43B59A}"
EndProject
Project("{8BC9CEB8-8B4A-11D0-8D11-00A0C91BC942}") = "a216數數愛明明", "a216數數愛明明\a216數數愛明明.vcxproj", "{B5E17C78-B290-494F-969F-336EC6C19398}"
EndProject
Project("{8BC9CEB8-8B4A-11D0-8D11-00A0C91BC942}") = "a224明明愛明明", "a224明明愛明明\a224明明愛明明.vcxproj", "{9DD6F30F-B768-48C2-9DE0-7F08F3FC9D27}"
EndProject
Project("{8BC9CEB8-8B4A-11D0-8D11-00A0C91BC942}") = "a225明明愛排列", "a225明明愛排列\a225明明愛排列.vcxproj", "{76EF9B81-FCF4-4643-B839-C5ADFBAFC129}"
EndProject
Project("{8BC9CEB8-8B4A-11D0-8D11-00A0C91BC942}") = "a244新手訓練 ~ for + if", "a244新手訓練 ~ for + if\a244新手訓練 ~ for + if.vcxproj", "{FD75EE38-000B-4566-B9C8-A33F0F119B1A}"
EndProject
Project("{8BC9CEB8-8B4A-11D0-8D11-00A0C91BC942}") = "a248新手訓練 ~ 陣列應用", "a248新手訓練 ~ 陣列應用\a248新手訓練 ~ 陣列應用.vcxproj", "{0880889D-ADC0-4254-923C-C45B6F6AE1E0}"
EndProject
Project("{8BC9CEB8-8B4A-11D0-8D11-00A0C91BC942}") = "a414位元運算之進位篇", "a414位元運算之進位篇\a414位元運算之進位篇.vcxproj", "{4466C81C-938A-45DE-8CC1-95D204BC5B0D}"
EndProject
Project("{8BC9CEB8-8B4A-11D0-8D11-00A0C91BC942}") = "a738最大公约数", "a738最大公约数\a738最大公约数.vcxproj", "{EC3CF3FF-3956-4A9A-988B-DBEB5E1F6FF5}"
EndProject
Project("{8BC9CEB8-8B4A-11D0-8D11-00A0C91BC942}") = "d049中華民國萬歲！", "d049中華民國萬歲！\d049中華民國萬歲！.vcxproj", "{00EFBB38-6457-407D-84F3-4BF547CF1526}"
EndProject
Project("{2150E333-8FDC-42A3-9474-1A3956D46DE8}") = "基礎題庫", "基礎題庫", "{1542211F-20A6-4917-A084-F765F9BD2385}"
EndProject
Project("{2150E333-8FDC-42A3-9474-1A3956D46DE8}") = "競賽題庫", "競賽題庫", "{CCDC5FA7-8D9F-4D2A-AEF3-A67E58CA0B4E}"
EndProject
Project("{2150E333-8FDC-42A3-9474-1A3956D46DE8}") = "TOI or NOI", "TOI or NOI", "{57A9EB74-DF6E-4161-990D-40F4044969FF}"
EndProject
Project("{2150E333-8FDC-42A3-9474-1A3956D46DE8}") = "UVa 題庫", "UVa 題庫", "{7BED9DE7-CE12-4217-B6EC-05B7D4ECDD07}"
EndProject
Project("{2150E333-8FDC-42A3-9474-1A3956D46DE8}") = "原創 or 不分類題庫", "原創 or 不分類題庫", "{C9BF5082-5AF1-4ACD-96C0-AA75F7BAA406}"
EndProject
Project("{8BC9CEB8-8B4A-11D0-8D11-00A0C91BC942}") = "a008中文大寫數字", "a008中文大寫數字\a008中文大寫數字.vcxproj", "{026DBACC-C0F0-4609-8A78-AC49A193128F}"
EndProject
Project("{2150E333-8FDC-42A3-9474-1A3956D46DE8}") = "已廢棄題庫", "已廢棄題庫", "{BB4F4C7D-0388-4BE7-9BC1-46BE9DC0E3A9}"
EndProject
Project("{8BC9CEB8-8B4A-11D0-8D11-00A0C91BC942}") = "a017五則運算", "a017五則運算\a017五則運算.vcxproj", "{57BF8400-9BDD-4541-9C8C-6C7923B10383}"
EndProject
Global
	GlobalSection(SolutionConfigurationPlatforms) = preSolution
		Debug|x64 = Debug|x64
		Debug|x86 = Debug|x86
		Release|x64 = Release|x64
		Release|x86 = Release|x86
	EndGlobalSection
	GlobalSection(ProjectConfigurationPlatforms) = postSolution
		{3212C1DE-7FA2-41BF-AB91-8682963AD50F}.Debug|x64.ActiveCfg = Debug|x64
		{3212C1DE-7FA2-41BF-AB91-8682963AD50F}.Debug|x64.Build.0 = Debug|x64
		{3212C1DE-7FA2-41BF-AB91-8682963AD50F}.Debug|x86.ActiveCfg = Debug|Win32
		{3212C1DE-7FA2-41BF-AB91-8682963AD50F}.Debug|x86.Build.0 = Debug|Win32
		{3212C1DE-7FA2-41BF-AB91-8682963AD50F}.Release|x64.ActiveCfg = Release|x64
		{3212C1DE-7FA2-41BF-AB91-8682963AD50F}.Release|x64.Build.0 = Release|x64
		{3212C1DE-7FA2-41BF-AB91-8682963AD50F}.Release|x86.ActiveCfg = Release|Win32
		{3212C1DE-7FA2-41BF-AB91-8682963AD50F}.Release|x86.Build.0 = Release|Win32
		{8ADE85B3-E49D-4AB3-8BEA-4F9D6B51214A}.Debug|x64.ActiveCfg = Debug|x64
		{8ADE85B3-E49D-4AB3-8BEA-4F9D6B51214A}.Debug|x64.Build.0 = Debug|x64
		{8ADE85B3-E49D-4AB3-8BEA-4F9D6B51214A}.Debug|x86.ActiveCfg = Debug|Win32
		{8ADE85B3-E49D-4AB3-8BEA-4F9D6B51214A}.Debug|x86.Build.0 = Debug|Win32
		{8ADE85B3-E49D-4AB3-8BEA-4F9D6B51214A}.Release|x64.ActiveCfg = Release|x64
		{8ADE85B3-E49D-4AB3-8BEA-4F9D6B51214A}.Release|x64.Build.0 = Release|x64
		{8ADE85B3-E49D-4AB3-8BEA-4F9D6B51214A}.Release|x86.ActiveCfg = Release|Win32
		{8ADE85B3-E49D-4AB3-8BEA-4F9D6B51214A}.Release|x86.Build.0 = Release|Win32
		{63C88DC8-E581-4407-85CE-7E76302CAA81}.Debug|x64.ActiveCfg = Debug|x64
		{63C88DC8-E581-4407-85CE-7E76302CAA81}.Debug|x64.Build.0 = Debug|x64
		{63C88DC8-E581-4407-85CE-7E76302CAA81}.Debug|x86.ActiveCfg = Debug|Win32
		{63C88DC8-E581-4407-85CE-7E76302CAA81}.Debug|x86.Build.0 = Debug|Win32
		{63C88DC8-E581-4407-85CE-7E76302CAA81}.Release|x64.ActiveCfg = Release|x64
		{63C88DC8-E581-4407-85CE-7E76302CAA81}.Release|x64.Build.0 = Release|x64
		{63C88DC8-E581-4407-85CE-7E76302CAA81}.Release|x86.ActiveCfg = Release|Win32
		{63C88DC8-E581-4407-85CE-7E76302CAA81}.Release|x86.Build.0 = Release|Win32
		{C133A046-154A-402B-A2C9-25234EF61E1B}.Debug|x64.ActiveCfg = Debug|x64
		{C133A046-154A-402B-A2C9-25234EF61E1B}.Debug|x64.Build.0 = Debug|x64
		{C133A046-154A-402B-A2C9-25234EF61E1B}.Debug|x86.ActiveCfg = Debug|Win32
		{C133A046-154A-402B-A2C9-25234EF61E1B}.Debug|x86.Build.0 = Debug|Win32
		{C133A046-154A-402B-A2C9-25234EF61E1B}.Release|x64.ActiveCfg = Release|x64
		{C133A046-154A-402B-A2C9-25234EF61E1B}.Release|x64.Build.0 = Release|x64
		{C133A046-154A-402B-A2C9-25234EF61E1B}.Release|x86.ActiveCfg = Release|Win32
		{C133A046-154A-402B-A2C9-25234EF61E1B}.Release|x86.Build.0 = Release|Win32
		{13D1E2F3-1257-4C53-ACD4-D7426F5FB58E}.Debug|x64.ActiveCfg = Debug|x64
		{13D1E2F3-1257-4C53-ACD4-D7426F5FB58E}.Debug|x64.Build.0 = Debug|x64
		{13D1E2F3-1257-4C53-ACD4-D7426F5FB58E}.Debug|x86.ActiveCfg = Debug|Win32
		{13D1E2F3-1257-4C53-ACD4-D7426F5FB58E}.Debug|x86.Build.0 = Debug|Win32
		{13D1E2F3-1257-4C53-ACD4-D7426F5FB58E}.Release|x64.ActiveCfg = Release|x64
		{13D1E2F3-1257-4C53-ACD4-D7426F5FB58E}.Release|x64.Build.0 = Release|x64
		{13D1E2F3-1257-4C53-ACD4-D7426F5FB58E}.Release|x86.ActiveCfg = Release|Win32
		{13D1E2F3-1257-4C53-ACD4-D7426F5FB58E}.Release|x86.Build.0 = Release|Win32
		{64C867DD-D4BC-4926-AD1A-6031D8844CC0}.Debug|x64.ActiveCfg = Debug|x64
		{64C867DD-D4BC-4926-AD1A-6031D8844CC0}.Debug|x64.Build.0 = Debug|x64
		{64C867DD-D4BC-4926-AD1A-6031D8844CC0}.Debug|x86.ActiveCfg = Debug|Win32
		{64C867DD-D4BC-4926-AD1A-6031D8844CC0}.Debug|x86.Build.0 = Debug|Win32
		{64C867DD-D4BC-4926-AD1A-6031D8844CC0}.Release|x64.ActiveCfg = Release|x64
		{64C867DD-D4BC-4926-AD1A-6031D8844CC0}.Release|x64.Build.0 = Release|x64
		{64C867DD-D4BC-4926-AD1A-6031D8844CC0}.Release|x86.ActiveCfg = Release|Win32
		{64C867DD-D4BC-4926-AD1A-6031D8844CC0}.Release|x86.Build.0 = Release|Win32
		{27C1F040-F53A-448B-88B7-4977C57A6B14}.Debug|x64.ActiveCfg = Debug|x64
		{27C1F040-F53A-448B-88B7-4977C57A6B14}.Debug|x64.Build.0 = Debug|x64
		{27C1F040-F53A-448B-88B7-4977C57A6B14}.Debug|x86.ActiveCfg = Debug|Win32
		{27C1F040-F53A-448B-88B7-4977C57A6B14}.Debug|x86.Build.0 = Debug|Win32
		{27C1F040-F53A-448B-88B7-4977C57A6B14}.Release|x64.ActiveCfg = Release|x64
		{27C1F040-F53A-448B-88B7-4977C57A6B14}.Release|x64.Build.0 = Release|x64
		{27C1F040-F53A-448B-88B7-4977C57A6B14}.Release|x86.ActiveCfg = Release|Win32
		{27C1F040-F53A-448B-88B7-4977C57A6B14}.Release|x86.Build.0 = Release|Win32
		{D6047B1A-901E-4D9B-AA36-D2212ADC4AE2}.Debug|x64.ActiveCfg = Debug|x64
		{D6047B1A-901E-4D9B-AA36-D2212ADC4AE2}.Debug|x64.Build.0 = Debug|x64
		{D6047B1A-901E-4D9B-AA36-D2212ADC4AE2}.Debug|x86.ActiveCfg = Debug|Win32
		{D6047B1A-901E-4D9B-AA36-D2212ADC4AE2}.Debug|x86.Build.0 = Debug|Win32
		{D6047B1A-901E-4D9B-AA36-D2212ADC4AE2}.Release|x64.ActiveCfg = Release|x64
		{D6047B1A-901E-4D9B-AA36-D2212ADC4AE2}.Release|x64.Build.0 = Release|x64
		{D6047B1A-901E-4D9B-AA36-D2212ADC4AE2}.Release|x86.ActiveCfg = Release|Win32
		{D6047B1A-901E-4D9B-AA36-D2212ADC4AE2}.Release|x86.Build.0 = Release|Win32
		{D74BF0EF-91A0-415A-A6AF-BC3184F482C3}.Debug|x64.ActiveCfg = Debug|x64
		{D74BF0EF-91A0-415A-A6AF-BC3184F482C3}.Debug|x64.Build.0 = Debug|x64
		{D74BF0EF-91A0-415A-A6AF-BC3184F482C3}.Debug|x86.ActiveCfg = Debug|Win32
		{D74BF0EF-91A0-415A-A6AF-BC3184F482C3}.Debug|x86.Build.0 = Debug|Win32
		{D74BF0EF-91A0-415A-A6AF-BC3184F482C3}.Release|x64.ActiveCfg = Release|x64
		{D74BF0EF-91A0-415A-A6AF-BC3184F482C3}.Release|x64.Build.0 = Release|x64
		{D74BF0EF-91A0-415A-A6AF-BC3184F482C3}.Release|x86.ActiveCfg = Release|Win32
		{D74BF0EF-91A0-415A-A6AF-BC3184F482C3}.Release|x86.Build.0 = Release|Win32
		{2DD6B1FD-76E0-4221-ABBC-E059C89C2579}.Debug|x64.ActiveCfg = Debug|x64
		{2DD6B1FD-76E0-4221-ABBC-E059C89C2579}.Debug|x64.Build.0 = Debug|x64
		{2DD6B1FD-76E0-4221-ABBC-E059C89C2579}.Debug|x86.ActiveCfg = Debug|Win32
		{2DD6B1FD-76E0-4221-ABBC-E059C89C2579}.Debug|x86.Build.0 = Debug|Win32
		{2DD6B1FD-76E0-4221-ABBC-E059C89C2579}.Release|x64.ActiveCfg = Release|x64
		{2DD6B1FD-76E0-4221-ABBC-E059C89C2579}.Release|x64.Build.0 = Release|x64
		{2DD6B1FD-76E0-4221-ABBC-E059C89C2579}.Release|x86.ActiveCfg = Release|Win32
		{2DD6B1FD-76E0-4221-ABBC-E059C89C2579}.Release|x86.Build.0 = Release|Win32
		{D78EAB3F-C2F5-4F11-8A36-6FAA7DEA2711}.Debug|x64.ActiveCfg = Debug|x64
		{D78EAB3F-C2F5-4F11-8A36-6FAA7DEA2711}.Debug|x64.Build.0 = Debug|x64
		{D78EAB3F-C2F5-4F11-8A36-6FAA7DEA2711}.Debug|x86.ActiveCfg = Debug|Win32
		{D78EAB3F-C2F5-4F11-8A36-6FAA7DEA2711}.Debug|x86.Build.0 = Debug|Win32
		{D78EAB3F-C2F5-4F11-8A36-6FAA7DEA2711}.Release|x64.ActiveCfg = Release|x64
		{D78EAB3F-C2F5-4F11-8A36-6FAA7DEA2711}.Release|x64.Build.0 = Release|x64
		{D78EAB3F-C2F5-4F11-8A36-6FAA7DEA2711}.Release|x86.ActiveCfg = Release|Win32
		{D78EAB3F-C2F5-4F11-8A36-6FAA7DEA2711}.Release|x86.Build.0 = Release|Win32
		{E413E3A5-40FF-4487-9356-66FBD6F6BF8C}.Debug|x64.ActiveCfg = Debug|x64
		{E413E3A5-40FF-4487-9356-66FBD6F6BF8C}.Debug|x64.Build.0 = Debug|x64
		{E413E3A5-40FF-4487-9356-66FBD6F6BF8C}.Debug|x86.ActiveCfg = Debug|Win32
		{E413E3A5-40FF-4487-9356-66FBD6F6BF8C}.Debug|x86.Build.0 = Debug|Win32
		{E413E3A5-40FF-4487-9356-66FBD6F6BF8C}.Release|x64.ActiveCfg = Release|x64
		{E413E3A5-40FF-4487-9356-66FBD6F6BF8C}.Release|x64.Build.0 = Release|x64
		{E413E3A5-40FF-4487-9356-66FBD6F6BF8C}.Release|x86.ActiveCfg = Release|Win32
		{E413E3A5-40FF-4487-9356-66FBD6F6BF8C}.Release|x86.Build.0 = Release|Win32
		{1004E160-6AD3-409B-B84B-0A7F0D1DBA74}.Debug|x64.ActiveCfg = Debug|x64
		{1004E160-6AD3-409B-B84B-0A7F0D1DBA74}.Debug|x64.Build.0 = Debug|x64
		{1004E160-6AD3-409B-B84B-0A7F0D1DBA74}.Debug|x86.ActiveCfg = Debug|Win32
		{1004E160-6AD3-409B-B84B-0A7F0D1DBA74}.Debug|x86.Build.0 = Debug|Win32
		{1004E160-6AD3-409B-B84B-0A7F0D1DBA74}.Release|x64.ActiveCfg = Release|x64
		{1004E160-6AD3-409B-B84B-0A7F0D1DBA74}.Release|x64.Build.0 = Release|x64
		{1004E160-6AD3-409B-B84B-0A7F0D1DBA74}.Release|x86.ActiveCfg = Release|Win32
		{1004E160-6AD3-409B-B84B-0A7F0D1DBA74}.Release|x86.Build.0 = Release|Win32
		{74BC9371-1F4A-4C5F-B7C3-CC244A26AFB2}.Debug|x64.ActiveCfg = Debug|x64
		{74BC9371-1F4A-4C5F-B7C3-CC244A26AFB2}.Debug|x64.Build.0 = Debug|x64
		{74BC9371-1F4A-4C5F-B7C3-CC244A26AFB2}.Debug|x86.ActiveCfg = Debug|Win32
		{74BC9371-1F4A-4C5F-B7C3-CC244A26AFB2}.Debug|x86.Build.0 = Debug|Win32
		{74BC9371-1F4A-4C5F-B7C3-CC244A26AFB2}.Release|x64.ActiveCfg = Release|x64
		{74BC9371-1F4A-4C5F-B7C3-CC244A26AFB2}.Release|x64.Build.0 = Release|x64
		{74BC9371-1F4A-4C5F-B7C3-CC244A26AFB2}.Release|x86.ActiveCfg = Release|Win32
		{74BC9371-1F4A-4C5F-B7C3-CC244A26AFB2}.Release|x86.Build.0 = Release|Win32
		{01FBAC58-98D6-4A4C-AEC1-52E846609359}.Debug|x64.ActiveCfg = Debug|x64
		{01FBAC58-98D6-4A4C-AEC1-52E846609359}.Debug|x64.Build.0 = Debug|x64
		{01FBAC58-98D6-4A4C-AEC1-52E846609359}.Debug|x86.ActiveCfg = Debug|Win32
		{01FBAC58-98D6-4A4C-AEC1-52E846609359}.Debug|x86.Build.0 = Debug|Win32
		{01FBAC58-98D6-4A4C-AEC1-52E846609359}.Release|x64.ActiveCfg = Release|x64
		{01FBAC58-98D6-4A4C-AEC1-52E846609359}.Release|x64.Build.0 = Release|x64
		{01FBAC58-98D6-4A4C-AEC1-52E846609359}.Release|x86.ActiveCfg = Release|Win32
		{01FBAC58-98D6-4A4C-AEC1-52E846609359}.Release|x86.Build.0 = Release|Win32
		{0E604015-812B-4F85-B192-0F7BC4B7BFE1}.Debug|x64.ActiveCfg = Debug|x64
		{0E604015-812B-4F85-B192-0F7BC4B7BFE1}.Debug|x64.Build.0 = Debug|x64
		{0E604015-812B-4F85-B192-0F7BC4B7BFE1}.Debug|x86.ActiveCfg = Debug|Win32
		{0E604015-812B-4F85-B192-0F7BC4B7BFE1}.Debug|x86.Build.0 = Debug|Win32
		{0E604015-812B-4F85-B192-0F7BC4B7BFE1}.Release|x64.ActiveCfg = Release|x64
		{0E604015-812B-4F85-B192-0F7BC4B7BFE1}.Release|x64.Build.0 = Release|x64
		{0E604015-812B-4F85-B192-0F7BC4B7BFE1}.Release|x86.ActiveCfg = Release|Win32
		{0E604015-812B-4F85-B192-0F7BC4B7BFE1}.Release|x86.Build.0 = Release|Win32
		{97DC9C22-A657-402F-A621-A17FDD0849A3}.Debug|x64.ActiveCfg = Debug|x64
		{97DC9C22-A657-402F-A621-A17FDD0849A3}.Debug|x64.Build.0 = Debug|x64
		{97DC9C22-A657-402F-A621-A17FDD0849A3}.Debug|x86.ActiveCfg = Debug|Win32
		{97DC9C22-A657-402F-A621-A17FDD0849A3}.Debug|x86.Build.0 = Debug|Win32
		{97DC9C22-A657-402F-A621-A17FDD0849A3}.Release|x64.ActiveCfg = Release|x64
		{97DC9C22-A657-402F-A621-A17FDD0849A3}.Release|x64.Build.0 = Release|x64
		{97DC9C22-A657-402F-A621-A17FDD0849A3}.Release|x86.ActiveCfg = Release|Win32
		{97DC9C22-A657-402F-A621-A17FDD0849A3}.Release|x86.Build.0 = Release|Win32
		{912FF551-8E5E-4328-9D08-2FADEE4ED0D6}.Debug|x64.ActiveCfg = Debug|x64
		{912FF551-8E5E-4328-9D08-2FADEE4ED0D6}.Debug|x64.Build.0 = Debug|x64
		{912FF551-8E5E-4328-9D08-2FADEE4ED0D6}.Debug|x86.ActiveCfg = Debug|Win32
		{912FF551-8E5E-4328-9D08-2FADEE4ED0D6}.Debug|x86.Build.0 = Debug|Win32
		{912FF551-8E5E-4328-9D08-2FADEE4ED0D6}.Release|x64.ActiveCfg = Release|x64
		{912FF551-8E5E-4328-9D08-2FADEE4ED0D6}.Release|x64.Build.0 = Release|x64
		{912FF551-8E5E-4328-9D08-2FADEE4ED0D6}.Release|x86.ActiveCfg = Release|Win32
		{912FF551-8E5E-4328-9D08-2FADEE4ED0D6}.Release|x86.Build.0 = Release|Win32
		{DB8078AA-0F45-42F9-AFA6-2D596F4C316C}.Debug|x64.ActiveCfg = Debug|x64
		{DB8078AA-0F45-42F9-AFA6-2D596F4C316C}.Debug|x64.Build.0 = Debug|x64
		{DB8078AA-0F45-42F9-AFA6-2D596F4C316C}.Debug|x86.ActiveCfg = Debug|Win32
		{DB8078AA-0F45-42F9-AFA6-2D596F4C316C}.Debug|x86.Build.0 = Debug|Win32
		{DB8078AA-0F45-42F9-AFA6-2D596F4C316C}.Release|x64.ActiveCfg = Release|x64
		{DB8078AA-0F45-42F9-AFA6-2D596F4C316C}.Release|x64.Build.0 = Release|x64
		{DB8078AA-0F45-42F9-AFA6-2D596F4C316C}.Release|x86.ActiveCfg = Release|Win32
		{DB8078AA-0F45-42F9-AFA6-2D596F4C316C}.Release|x86.Build.0 = Release|Win32
		{F0ADAA20-313C-42D7-9854-F038225A96C4}.Debug|x64.ActiveCfg = Debug|x64
		{F0ADAA20-313C-42D7-9854-F038225A96C4}.Debug|x64.Build.0 = Debug|x64
		{F0ADAA20-313C-42D7-9854-F038225A96C4}.Debug|x86.ActiveCfg = Debug|Win32
		{F0ADAA20-313C-42D7-9854-F038225A96C4}.Debug|x86.Build.0 = Debug|Win32
		{F0ADAA20-313C-42D7-9854-F038225A96C4}.Release|x64.ActiveCfg = Release|x64
		{F0ADAA20-313C-42D7-9854-F038225A96C4}.Release|x64.Build.0 = Release|x64
		{F0ADAA20-313C-42D7-9854-F038225A96C4}.Release|x86.ActiveCfg = Release|Win32
		{F0ADAA20-313C-42D7-9854-F038225A96C4}.Release|x86.Build.0 = Release|Win32
		{3E23115E-1775-4919-928A-47D2DFC767A3}.Debug|x64.ActiveCfg = Debug|x64
		{3E23115E-1775-4919-928A-47D2DFC767A3}.Debug|x64.Build.0 = Debug|x64
		{3E23115E-1775-4919-928A-47D2DFC767A3}.Debug|x86.ActiveCfg = Debug|Win32
		{3E23115E-1775-4919-928A-47D2DFC767A3}.Debug|x86.Build.0 = Debug|Win32
		{3E23115E-1775-4919-928A-47D2DFC767A3}.Release|x64.ActiveCfg = Release|x64
		{3E23115E-1775-4919-928A-47D2DFC767A3}.Release|x64.Build.0 = Release|x64
		{3E23115E-1775-4919-928A-47D2DFC767A3}.Release|x86.ActiveCfg = Release|Win32
		{3E23115E-1775-4919-928A-47D2DFC767A3}.Release|x86.Build.0 = Release|Win32
		{A12BB1E3-525A-43F4-B6FA-4CF3648CF2B7}.Debug|x64.ActiveCfg = Debug|x64
		{A12BB1E3-525A-43F4-B6FA-4CF3648CF2B7}.Debug|x64.Build.0 = Debug|x64
		{A12BB1E3-525A-43F4-B6FA-4CF3648CF2B7}.Debug|x86.ActiveCfg = Debug|Win32
		{A12BB1E3-525A-43F4-B6FA-4CF3648CF2B7}.Debug|x86.Build.0 = Debug|Win32
		{A12BB1E3-525A-43F4-B6FA-4CF3648CF2B7}.Release|x64.ActiveCfg = Release|x64
		{A12BB1E3-525A-43F4-B6FA-4CF3648CF2B7}.Release|x64.Build.0 = Release|x64
		{A12BB1E3-525A-43F4-B6FA-4CF3648CF2B7}.Release|x86.ActiveCfg = Release|Win32
		{A12BB1E3-525A-43F4-B6FA-4CF3648CF2B7}.Release|x86.Build.0 = Release|Win32
		{B80E2504-22F6-4433-9AB9-3F7712AF19A5}.Debug|x64.ActiveCfg = Debug|x64
		{B80E2504-22F6-4433-9AB9-3F7712AF19A5}.Debug|x64.Build.0 = Debug|x64
		{B80E2504-22F6-4433-9AB9-3F7712AF19A5}.Debug|x86.ActiveCfg = Debug|Win32
		{B80E2504-22F6-4433-9AB9-3F7712AF19A5}.Debug|x86.Build.0 = Debug|Win32
		{B80E2504-22F6-4433-9AB9-3F7712AF19A5}.Release|x64.ActiveCfg = Release|x64
		{B80E2504-22F6-4433-9AB9-3F7712AF19A5}.Release|x64.Build.0 = Release|x64
		{B80E2504-22F6-4433-9AB9-3F7712AF19A5}.Release|x86.ActiveCfg = Release|Win32
		{B80E2504-22F6-4433-9AB9-3F7712AF19A5}.Release|x86.Build.0 = Release|Win32
		{50A9C32E-573F-49DE-BE59-82698A100CB2}.Debug|x64.ActiveCfg = Debug|x64
		{50A9C32E-573F-49DE-BE59-82698A100CB2}.Debug|x64.Build.0 = Debug|x64
		{50A9C32E-573F-49DE-BE59-82698A100CB2}.Debug|x86.ActiveCfg = Debug|Win32
		{50A9C32E-573F-49DE-BE59-82698A100CB2}.Debug|x86.Build.0 = Debug|Win32
		{50A9C32E-573F-49DE-BE59-82698A100CB2}.Release|x64.ActiveCfg = Release|x64
		{50A9C32E-573F-49DE-BE59-82698A100CB2}.Release|x64.Build.0 = Release|x64
		{50A9C32E-573F-49DE-BE59-82698A100CB2}.Release|x86.ActiveCfg = Release|Win32
		{50A9C32E-573F-49DE-BE59-82698A100CB2}.Release|x86.Build.0 = Release|Win32
		{8902CD93-32B5-4AB1-B56F-DEB98617BCC6}.Debug|x64.ActiveCfg = Debug|x64
		{8902CD93-32B5-4AB1-B56F-DEB98617BCC6}.Debug|x64.Build.0 = Debug|x64
		{8902CD93-32B5-4AB1-B56F-DEB98617BCC6}.Debug|x86.ActiveCfg = Debug|Win32
		{8902CD93-32B5-4AB1-B56F-DEB98617BCC6}.Debug|x86.Build.0 = Debug|Win32
		{8902CD93-32B5-4AB1-B56F-DEB98617BCC6}.Release|x64.ActiveCfg = Release|x64
		{8902CD93-32B5-4AB1-B56F-DEB98617BCC6}.Release|x64.Build.0 = Release|x64
		{8902CD93-32B5-4AB1-B56F-DEB98617BCC6}.Release|x86.ActiveCfg = Release|Win32
		{8902CD93-32B5-4AB1-B56F-DEB98617BCC6}.Release|x86.Build.0 = Release|Win32
		{0FA3F323-DC30-44EE-BB4B-E572564D83A1}.Debug|x64.ActiveCfg = Debug|x64
		{0FA3F323-DC30-44EE-BB4B-E572564D83A1}.Debug|x64.Build.0 = Debug|x64
		{0FA3F323-DC30-44EE-BB4B-E572564D83A1}.Debug|x86.ActiveCfg = Debug|Win32
		{0FA3F323-DC30-44EE-BB4B-E572564D83A1}.Debug|x86.Build.0 = Debug|Win32
		{0FA3F323-DC30-44EE-BB4B-E572564D83A1}.Release|x64.ActiveCfg = Release|x64
		{0FA3F323-DC30-44EE-BB4B-E572564D83A1}.Release|x64.Build.0 = Release|x64
		{0FA3F323-DC30-44EE-BB4B-E572564D83A1}.Release|x86.ActiveCfg = Release|Win32
		{0FA3F323-DC30-44EE-BB4B-E572564D83A1}.Release|x86.Build.0 = Release|Win32
		{63F1AA27-F447-4E39-A2BA-2D128D7B69F2}.Debug|x64.ActiveCfg = Debug|x64
		{63F1AA27-F447-4E39-A2BA-2D128D7B69F2}.Debug|x64.Build.0 = Debug|x64
		{63F1AA27-F447-4E39-A2BA-2D128D7B69F2}.Debug|x86.ActiveCfg = Debug|Win32
		{63F1AA27-F447-4E39-A2BA-2D128D7B69F2}.Debug|x86.Build.0 = Debug|Win32
		{63F1AA27-F447-4E39-A2BA-2D128D7B69F2}.Release|x64.ActiveCfg = Release|x64
		{63F1AA27-F447-4E39-A2BA-2D128D7B69F2}.Release|x64.Build.0 = Release|x64
		{63F1AA27-F447-4E39-A2BA-2D128D7B69F2}.Release|x86.ActiveCfg = Release|Win32
		{63F1AA27-F447-4E39-A2BA-2D128D7B69F2}.Release|x86.Build.0 = Release|Win32
		{68F12C8F-14A0-4823-A44E-8A56864E6B60}.Debug|x64.ActiveCfg = Debug|x64
		{68F12C8F-14A0-4823-A44E-8A56864E6B60}.Debug|x64.Build.0 = Debug|x64
		{68F12C8F-14A0-4823-A44E-8A56864E6B60}.Debug|x86.ActiveCfg = Debug|Win32
		{68F12C8F-14A0-4823-A44E-8A56864E6B60}.Debug|x86.Build.0 = Debug|Win32
		{68F12C8F-14A0-4823-A44E-8A56864E6B60}.Release|x64.ActiveCfg = Release|x64
		{68F12C8F-14A0-4823-A44E-8A56864E6B60}.Release|x64.Build.0 = Release|x64
		{68F12C8F-14A0-4823-A44E-8A56864E6B60}.Release|x86.ActiveCfg = Release|Win32
		{68F12C8F-14A0-4823-A44E-8A56864E6B60}.Release|x86.Build.0 = Release|Win32
		{3E69B4AD-3A6C-44E1-9EE5-DC7F6831D943}.Debug|x64.ActiveCfg = Debug|x64
		{3E69B4AD-3A6C-44E1-9EE5-DC7F6831D943}.Debug|x64.Build.0 = Debug|x64
		{3E69B4AD-3A6C-44E1-9EE5-DC7F6831D943}.Debug|x86.ActiveCfg = Debug|Win32
		{3E69B4AD-3A6C-44E1-9EE5-DC7F6831D943}.Debug|x86.Build.0 = Debug|Win32
		{3E69B4AD-3A6C-44E1-9EE5-DC7F6831D943}.Release|x64.ActiveCfg = Release|x64
		{3E69B4AD-3A6C-44E1-9EE5-DC7F6831D943}.Release|x64.Build.0 = Release|x64
		{3E69B4AD-3A6C-44E1-9EE5-DC7F6831D943}.Release|x86.ActiveCfg = Release|Win32
		{3E69B4AD-3A6C-44E1-9EE5-DC7F6831D943}.Release|x86.Build.0 = Release|Win32
		{66C58029-6CB6-4C26-9EC3-891511CA08C3}.Debug|x64.ActiveCfg = Debug|x64
		{66C58029-6CB6-4C26-9EC3-891511CA08C3}.Debug|x64.Build.0 = Debug|x64
		{66C58029-6CB6-4C26-9EC3-891511CA08C3}.Debug|x86.ActiveCfg = Debug|Win32
		{66C58029-6CB6-4C26-9EC3-891511CA08C3}.Debug|x86.Build.0 = Debug|Win32
		{66C58029-6CB6-4C26-9EC3-891511CA08C3}.Release|x64.ActiveCfg = Release|x64
		{66C58029-6CB6-4C26-9EC3-891511CA08C3}.Release|x64.Build.0 = Release|x64
		{66C58029-6CB6-4C26-9EC3-891511CA08C3}.Release|x86.ActiveCfg = Release|Win32
		{66C58029-6CB6-4C26-9EC3-891511CA08C3}.Release|x86.Build.0 = Release|Win32
		{CEEF5957-1599-4595-8250-752168C116C1}.Debug|x64.ActiveCfg = Debug|x64
		{CEEF5957-1599-4595-8250-752168C116C1}.Debug|x64.Build.0 = Debug|x64
		{CEEF5957-1599-4595-8250-752168C116C1}.Debug|x86.ActiveCfg = Debug|Win32
		{CEEF5957-1599-4595-8250-752168C116C1}.Debug|x86.Build.0 = Debug|Win32
		{CEEF5957-1599-4595-8250-752168C116C1}.Release|x64.ActiveCfg = Release|x64
		{CEEF5957-1599-4595-8250-752168C116C1}.Release|x64.Build.0 = Release|x64
		{CEEF5957-1599-4595-8250-752168C116C1}.Release|x86.ActiveCfg = Release|Win32
		{CEEF5957-1599-4595-8250-752168C116C1}.Release|x86.Build.0 = Release|Win32
		{FEC07991-73A0-4E29-96BC-9211C64E79E4}.Debug|x64.ActiveCfg = Debug|x64
		{FEC07991-73A0-4E29-96BC-9211C64E79E4}.Debug|x64.Build.0 = Debug|x64
		{FEC07991-73A0-4E29-96BC-9211C64E79E4}.Debug|x86.ActiveCfg = Debug|Win32
		{FEC07991-73A0-4E29-96BC-9211C64E79E4}.Debug|x86.Build.0 = Debug|Win32
		{FEC07991-73A0-4E29-96BC-9211C64E79E4}.Release|x64.ActiveCfg = Release|x64
		{FEC07991-73A0-4E29-96BC-9211C64E79E4}.Release|x64.Build.0 = Release|x64
		{FEC07991-73A0-4E29-96BC-9211C64E79E4}.Release|x86.ActiveCfg = Release|Win32
		{FEC07991-73A0-4E29-96BC-9211C64E79E4}.Release|x86.Build.0 = Release|Win32
		{68CAC6E9-E541-41DF-A484-E99AEE3F65CA}.Debug|x64.ActiveCfg = Debug|x64
		{68CAC6E9-E541-41DF-A484-E99AEE3F65CA}.Debug|x64.Build.0 = Debug|x64
		{68CAC6E9-E541-41DF-A484-E99AEE3F65CA}.Debug|x86.ActiveCfg = Debug|Win32
		{68CAC6E9-E541-41DF-A484-E99AEE3F65CA}.Debug|x86.Build.0 = Debug|Win32
		{68CAC6E9-E541-41DF-A484-E99AEE3F65CA}.Release|x64.ActiveCfg = Release|x64
		{68CAC6E9-E541-41DF-A484-E99AEE3F65CA}.Release|x64.Build.0 = Release|x64
		{68CAC6E9-E541-41DF-A484-E99AEE3F65CA}.Release|x86.ActiveCfg = Release|Win32
		{68CAC6E9-E541-41DF-A484-E99AEE3F65CA}.Release|x86.Build.0 = Release|Win32
		{3EB10327-25CE-4A39-892B-5CF04B43B59A}.Debug|x64.ActiveCfg = Debug|x64
		{3EB10327-25CE-4A39-892B-5CF04B43B59A}.Debug|x64.Build.0 = Debug|x64
		{3EB10327-25CE-4A39-892B-5CF04B43B59A}.Debug|x86.ActiveCfg = Debug|Win32
		{3EB10327-25CE-4A39-892B-5CF04B43B59A}.Debug|x86.Build.0 = Debug|Win32
		{3EB10327-25CE-4A39-892B-5CF04B43B59A}.Release|x64.ActiveCfg = Release|x64
		{3EB10327-25CE-4A39-892B-5CF04B43B59A}.Release|x64.Build.0 = Release|x64
		{3EB10327-25CE-4A39-892B-5CF04B43B59A}.Release|x86.ActiveCfg = Release|Win32
		{3EB10327-25CE-4A39-892B-5CF04B43B59A}.Release|x86.Build.0 = Release|Win32
		{B5E17C78-B290-494F-969F-336EC6C19398}.Debug|x64.ActiveCfg = Debug|x64
		{B5E17C78-B290-494F-969F-336EC6C19398}.Debug|x64.Build.0 = Debug|x64
		{B5E17C78-B290-494F-969F-336EC6C19398}.Debug|x86.ActiveCfg = Debug|Win32
		{B5E17C78-B290-494F-969F-336EC6C19398}.Debug|x86.Build.0 = Debug|Win32
		{B5E17C78-B290-494F-969F-336EC6C19398}.Release|x64.ActiveCfg = Release|x64
		{B5E17C78-B290-494F-969F-336EC6C19398}.Release|x64.Build.0 = Release|x64
		{B5E17C78-B290-494F-969F-336EC6C19398}.Release|x86.ActiveCfg = Release|Win32
		{B5E17C78-B290-494F-969F-336EC6C19398}.Release|x86.Build.0 = Release|Win32
		{9DD6F30F-B768-48C2-9DE0-7F08F3FC9D27}.Debug|x64.ActiveCfg = Debug|x64
		{9DD6F30F-B768-48C2-9DE0-7F08F3FC9D27}.Debug|x64.Build.0 = Debug|x64
		{9DD6F30F-B768-48C2-9DE0-7F08F3FC9D27}.Debug|x86.ActiveCfg = Debug|Win32
		{9DD6F30F-B768-48C2-9DE0-7F08F3FC9D27}.Debug|x86.Build.0 = Debug|Win32
		{9DD6F30F-B768-48C2-9DE0-7F08F3FC9D27}.Release|x64.ActiveCfg = Release|x64
		{9DD6F30F-B768-48C2-9DE0-7F08F3FC9D27}.Release|x64.Build.0 = Release|x64
		{9DD6F30F-B768-48C2-9DE0-7F08F3FC9D27}.Release|x86.ActiveCfg = Release|Win32
		{9DD6F30F-B768-48C2-9DE0-7F08F3FC9D27}.Release|x86.Build.0 = Release|Win32
		{76EF9B81-FCF4-4643-B839-C5ADFBAFC129}.Debug|x64.ActiveCfg = Debug|x64
		{76EF9B81-FCF4-4643-B839-C5ADFBAFC129}.Debug|x64.Build.0 = Debug|x64
		{76EF9B81-FCF4-4643-B839-C5ADFBAFC129}.Debug|x86.ActiveCfg = Debug|Win32
		{76EF9B81-FCF4-4643-B839-C5ADFBAFC129}.Debug|x86.Build.0 = Debug|Win32
		{76EF9B81-FCF4-4643-B839-C5ADFBAFC129}.Release|x64.ActiveCfg = Release|x64
		{76EF9B81-FCF4-4643-B839-C5ADFBAFC129}.Release|x64.Build.0 = Release|x64
		{76EF9B81-FCF4-4643-B839-C5ADFBAFC129}.Release|x86.ActiveCfg = Release|Win32
		{76EF9B81-FCF4-4643-B839-C5ADFBAFC129}.Release|x86.Build.0 = Release|Win32
		{FD75EE38-000B-4566-B9C8-A33F0F119B1A}.Debug|x64.ActiveCfg = Debug|x64
		{FD75EE38-000B-4566-B9C8-A33F0F119B1A}.Debug|x64.Build.0 = Debug|x64
		{FD75EE38-000B-4566-B9C8-A33F0F119B1A}.Debug|x86.ActiveCfg = Debug|Win32
		{FD75EE38-000B-4566-B9C8-A33F0F119B1A}.Debug|x86.Build.0 = Debug|Win32
		{FD75EE38-000B-4566-B9C8-A33F0F119B1A}.Release|x64.ActiveCfg = Release|x64
		{FD75EE38-000B-4566-B9C8-A33F0F119B1A}.Release|x64.Build.0 = Release|x64
		{FD75EE38-000B-4566-B9C8-A33F0F119B1A}.Release|x86.ActiveCfg = Release|Win32
		{FD75EE38-000B-4566-B9C8-A33F0F119B1A}.Release|x86.Build.0 = Release|Win32
		{0880889D-ADC0-4254-923C-C45B6F6AE1E0}.Debug|x64.ActiveCfg = Debug|x64
		{0880889D-ADC0-4254-923C-C45B6F6AE1E0}.Debug|x64.Build.0 = Debug|x64
		{0880889D-ADC0-4254-923C-C45B6F6AE1E0}.Debug|x86.ActiveCfg = Debug|Win32
		{0880889D-ADC0-4254-923C-C45B6F6AE1E0}.Debug|x86.Build.0 = Debug|Win32
		{0880889D-ADC0-4254-923C-C45B6F6AE1E0}.Release|x64.ActiveCfg = Release|x64
		{0880889D-ADC0-4254-923C-C45B6F6AE1E0}.Release|x64.Build.0 = Release|x64
		{0880889D-ADC0-4254-923C-C45B6F6AE1E0}.Release|x86.ActiveCfg = Release|Win32
		{0880889D-ADC0-4254-923C-C45B6F6AE1E0}.Release|x86.Build.0 = Release|Win32
		{4466C81C-938A-45DE-8CC1-95D204BC5B0D}.Debug|x64.ActiveCfg = Debug|x64
		{4466C81C-938A-45DE-8CC1-95D204BC5B0D}.Debug|x64.Build.0 = Debug|x64
		{4466C81C-938A-45DE-8CC1-95D204BC5B0D}.Debug|x86.ActiveCfg = Debug|Win32
		{4466C81C-938A-45DE-8CC1-95D204BC5B0D}.Debug|x86.Build.0 = Debug|Win32
		{4466C81C-938A-45DE-8CC1-95D204BC5B0D}.Release|x64.ActiveCfg = Release|x64
		{4466C81C-938A-45DE-8CC1-95D204BC5B0D}.Release|x64.Build.0 = Release|x64
		{4466C81C-938A-45DE-8CC1-95D204BC5B0D}.Release|x86.ActiveCfg = Release|Win32
		{4466C81C-938A-45DE-8CC1-95D204BC5B0D}.Release|x86.Build.0 = Release|Win32
		{EC3CF3FF-3956-4A9A-988B-DBEB5E1F6FF5}.Debug|x64.ActiveCfg = Debug|x64
		{EC3CF3FF-3956-4A9A-988B-DBEB5E1F6FF5}.Debug|x64.Build.0 = Debug|x64
		{EC3CF3FF-3956-4A9A-988B-DBEB5E1F6FF5}.Debug|x86.ActiveCfg = Debug|Win32
		{EC3CF3FF-3956-4A9A-988B-DBEB5E1F6FF5}.Debug|x86.Build.0 = Debug|Win32
		{EC3CF3FF-3956-4A9A-988B-DBEB5E1F6FF5}.Release|x64.ActiveCfg = Release|x64
		{EC3CF3FF-3956-4A9A-988B-DBEB5E1F6FF5}.Release|x64.Build.0 = Release|x64
		{EC3CF3FF-3956-4A9A-988B-DBEB5E1F6FF5}.Release|x86.ActiveCfg = Release|Win32
		{EC3CF3FF-3956-4A9A-988B-DBEB5E1F6FF5}.Release|x86.Build.0 = Release|Win32
		{00EFBB38-6457-407D-84F3-4BF547CF1526}.Debug|x64.ActiveCfg = Debug|x64
		{00EFBB38-6457-407D-84F3-4BF547CF1526}.Debug|x64.Build.0 = Debug|x64
		{00EFBB38-6457-407D-84F3-4BF547CF1526}.Debug|x86.ActiveCfg = Debug|Win32
		{00EFBB38-6457-407D-84F3-4BF547CF1526}.Debug|x86.Build.0 = Debug|Win32
		{00EFBB38-6457-407D-84F3-4BF547CF1526}.Release|x64.ActiveCfg = Release|x64
		{00EFBB38-6457-407D-84F3-4BF547CF1526}.Release|x64.Build.0 = Release|x64
		{00EFBB38-6457-407D-84F3-4BF547CF1526}.Release|x86.ActiveCfg = Release|Win32
		{00EFBB38-6457-407D-84F3-4BF547CF1526}.Release|x86.Build.0 = Release|Win32
		{026DBACC-C0F0-4609-8A78-AC49A193128F}.Debug|x64.ActiveCfg = Debug|x64
		{026DBACC-C0F0-4609-8A78-AC49A193128F}.Debug|x64.Build.0 = Debug|x64
		{026DBACC-C0F0-4609-8A78-AC49A193128F}.Debug|x86.ActiveCfg = Debug|Win32
		{026DBACC-C0F0-4609-8A78-AC49A193128F}.Debug|x86.Build.0 = Debug|Win32
		{026DBACC-C0F0-4609-8A78-AC49A193128F}.Release|x64.ActiveCfg = Release|x64
		{026DBACC-C0F0-4609-8A78-AC49A193128F}.Release|x64.Build.0 = Release|x64
		{026DBACC-C0F0-4609-8A78-AC49A193128F}.Release|x86.ActiveCfg = Release|Win32
		{026DBACC-C0F0-4609-8A78-AC49A193128F}.Release|x86.Build.0 = Release|Win32
		{57BF8400-9BDD-4541-9C8C-6C7923B10383}.Debug|x64.ActiveCfg = Debug|x64
		{57BF8400-9BDD-4541-9C8C-6C7923B10383}.Debug|x64.Build.0 = Debug|x64
		{57BF8400-9BDD-4541-9C8C-6C7923B10383}.Debug|x86.ActiveCfg = Debug|Win32
		{57BF8400-9BDD-4541-9C8C-6C7923B10383}.Debug|x86.Build.0 = Debug|Win32
		{57BF8400-9BDD-4541-9C8C-6C7923B10383}.Release|x64.ActiveCfg = Release|x64
		{57BF8400-9BDD-4541-9C8C-6C7923B10383}.Release|x64.Build.0 = Release|x64
		{57BF8400-9BDD-4541-9C8C-6C7923B10383}.Release|x86.ActiveCfg = Release|Win32
		{57BF8400-9BDD-4541-9C8C-6C7923B10383}.Release|x86.Build.0 = Release|Win32
	EndGlobalSection
	GlobalSection(SolutionProperties) = preSolution
		HideSolutionNode = FALSE
	EndGlobalSection
	GlobalSection(NestedProjects) = preSolution
		{3212C1DE-7FA2-41BF-AB91-8682963AD50F} = {1542211F-20A6-4917-A084-F765F9BD2385}
		{8ADE85B3-E49D-4AB3-8BEA-4F9D6B51214A} = {1542211F-20A6-4917-A084-F765F9BD2385}
		{63C88DC8-E581-4407-85CE-7E76302CAA81} = {1542211F-20A6-4917-A084-F765F9BD2385}
		{C133A046-154A-402B-A2C9-25234EF61E1B} = {1542211F-20A6-4917-A084-F765F9BD2385}
		{13D1E2F3-1257-4C53-ACD4-D7426F5FB58E} = {1542211F-20A6-4917-A084-F765F9BD2385}
		{64C867DD-D4BC-4926-AD1A-6031D8844CC0} = {1542211F-20A6-4917-A084-F765F9BD2385}
		{27C1F040-F53A-448B-88B7-4977C57A6B14} = {1542211F-20A6-4917-A084-F765F9BD2385}
		{D6047B1A-901E-4D9B-AA36-D2212ADC4AE2} = {1542211F-20A6-4917-A084-F765F9BD2385}
		{D74BF0EF-91A0-415A-A6AF-BC3184F482C3} = {1542211F-20A6-4917-A084-F765F9BD2385}
		{2DD6B1FD-76E0-4221-ABBC-E059C89C2579} = {1542211F-20A6-4917-A084-F765F9BD2385}
		{D78EAB3F-C2F5-4F11-8A36-6FAA7DEA2711} = {1542211F-20A6-4917-A084-F765F9BD2385}
		{E413E3A5-40FF-4487-9356-66FBD6F6BF8C} = {1542211F-20A6-4917-A084-F765F9BD2385}
		{1004E160-6AD3-409B-B84B-0A7F0D1DBA74} = {1542211F-20A6-4917-A084-F765F9BD2385}
		{74BC9371-1F4A-4C5F-B7C3-CC244A26AFB2} = {1542211F-20A6-4917-A084-F765F9BD2385}
		{01FBAC58-98D6-4A4C-AEC1-52E846609359} = {1542211F-20A6-4917-A084-F765F9BD2385}
		{0E604015-812B-4F85-B192-0F7BC4B7BFE1} = {1542211F-20A6-4917-A084-F765F9BD2385}
		{97DC9C22-A657-402F-A621-A17FDD0849A3} = {1542211F-20A6-4917-A084-F765F9BD2385}
		{912FF551-8E5E-4328-9D08-2FADEE4ED0D6} = {1542211F-20A6-4917-A084-F765F9BD2385}
		{DB8078AA-0F45-42F9-AFA6-2D596F4C316C} = {7BED9DE7-CE12-4217-B6EC-05B7D4ECDD07}
		{F0ADAA20-313C-42D7-9854-F038225A96C4} = {7BED9DE7-CE12-4217-B6EC-05B7D4ECDD07}
		{3E23115E-1775-4919-928A-47D2DFC767A3} = {C9BF5082-5AF1-4ACD-96C0-AA75F7BAA406}
		{A12BB1E3-525A-43F4-B6FA-4CF3648CF2B7} = {1542211F-20A6-4917-A084-F765F9BD2385}
		{B80E2504-22F6-4433-9AB9-3F7712AF19A5} = {1542211F-20A6-4917-A084-F765F9BD2385}
		{50A9C32E-573F-49DE-BE59-82698A100CB2} = {1542211F-20A6-4917-A084-F765F9BD2385}
		{8902CD93-32B5-4AB1-B56F-DEB98617BCC6} = {1542211F-20A6-4917-A084-F765F9BD2385}
		{0FA3F323-DC30-44EE-BB4B-E572564D83A1} = {1542211F-20A6-4917-A084-F765F9BD2385}
		{63F1AA27-F447-4E39-A2BA-2D128D7B69F2} = {1542211F-20A6-4917-A084-F765F9BD2385}
		{68F12C8F-14A0-4823-A44E-8A56864E6B60} = {1542211F-20A6-4917-A084-F765F9BD2385}
		{3E69B4AD-3A6C-44E1-9EE5-DC7F6831D943} = {1542211F-20A6-4917-A084-F765F9BD2385}
		{66C58029-6CB6-4C26-9EC3-891511CA08C3} = {1542211F-20A6-4917-A084-F765F9BD2385}
		{CEEF5957-1599-4595-8250-752168C116C1} = {1542211F-20A6-4917-A084-F765F9BD2385}
		{FEC07991-73A0-4E29-96BC-9211C64E79E4} = {1542211F-20A6-4917-A084-F765F9BD2385}
		{68CAC6E9-E541-41DF-A484-E99AEE3F65CA} = {1542211F-20A6-4917-A084-F765F9BD2385}
		{3EB10327-25CE-4A39-892B-5CF04B43B59A} = {1542211F-20A6-4917-A084-F765F9BD2385}
		{B5E17C78-B290-494F-969F-336EC6C19398} = {1542211F-20A6-4917-A084-F765F9BD2385}
		{9DD6F30F-B768-48C2-9DE0-7F08F3FC9D27} = {1542211F-20A6-4917-A084-F765F9BD2385}
		{76EF9B81-FCF4-4643-B839-C5ADFBAFC129} = {1542211F-20A6-4917-A084-F765F9BD2385}
		{FD75EE38-000B-4566-B9C8-A33F0F119B1A} = {1542211F-20A6-4917-A084-F765F9BD2385}
		{0880889D-ADC0-4254-923C-C45B6F6AE1E0} = {1542211F-20A6-4917-A084-F765F9BD2385}
		{4466C81C-938A-45DE-8CC1-95D204BC5B0D} = {1542211F-20A6-4917-A084-F765F9BD2385}
		{EC3CF3FF-3956-4A9A-988B-DBEB5E1F6FF5} = {1542211F-20A6-4917-A084-F765F9BD2385}
		{00EFBB38-6457-407D-84F3-4BF547CF1526} = {1542211F-20A6-4917-A084-F765F9BD2385}
		{026DBACC-C0F0-4609-8A78-AC49A193128F} = {BB4F4C7D-0388-4BE7-9BC1-46BE9DC0E3A9}
		{57BF8400-9BDD-4541-9C8C-6C7923B10383} = {1542211F-20A6-4917-A084-F765F9BD2385}
	EndGlobalSection
EndGlobal
