
Microsoft Visual Studio Solution File, Format Version 12.00
# Visual Studio 14
VisualStudioVersion = 14.0.25123.0
MinimumVisualStudioVersion = 10.0.40219.1
Project("{8BC9CEB8-8B4A-11D0-8D11-00A0C91BC942}") = "a001哈囉", "a001哈囉\a001哈囉.vcxproj", "{3212C1DE-7FA2-41BF-AB91-8682963AD50F}"
EndProject
Project("{2150E333-8FDC-42A3-9474-1A3956D46DE8}") = "Solution Items", "Solution Items", "{BEBF7B16-E16F-4789-B904-FCAF656D8065}"
	ProjectSection(SolutionItems) = preProject
		README.md = README.md
	EndProjectSection
EndProject
Project("{8BC9CEB8-8B4A-11D0-8D11-00A0C91BC942}") = "a002簡易加法", "a002簡易加法\a002簡易加法.vcxproj", "{8ADE85B3-E49D-4AB3-8BEA-4F9D6B51214A}"
EndProject
Project("{8BC9CEB8-8B4A-11D0-8D11-00A0C91BC942}") = "a003兩光法師占卜術", "a003兩光法師占卜術\a003兩光法師占卜術.vcxproj", "{63C88DC8-E581-4407-85CE-7E76302CAA81}"
EndProject
Project("{8BC9CEB8-8B4A-11D0-8D11-00A0C91BC942}") = "a004文文的求婚", "a004文文的求婚\a004文文的求婚.vcxproj", "{C133A046-154A-402B-A2C9-25234EF61E1B}"
EndProject
Project("{8BC9CEB8-8B4A-11D0-8D11-00A0C91BC942}") = "a005Eva的回家作業", "a005Eva的回家作業\a005Eva的回家作業.vcxproj", "{13D1E2F3-1257-4C53-ACD4-D7426F5FB58E}"
EndProject
Project("{8BC9CEB8-8B4A-11D0-8D11-00A0C91BC942}") = "a006一元二次方程式", "a006一元二次方程式\a006一元二次方程式.vcxproj", "{64C867DD-D4BC-4926-AD1A-6031D8844CC0}"
EndProject
Project("{8BC9CEB8-8B4A-11D0-8D11-00A0C91BC942}") = "a009解碼器", "a009解碼器\a009解碼器.vcxproj", "{27C1F040-F53A-448B-88B7-4977C57A6B14}"
EndProject
Project("{8BC9CEB8-8B4A-11D0-8D11-00A0C91BC942}") = "a010因數分解", "a010因數分解\a010因數分解.vcxproj", "{D6047B1A-901E-4D9B-AA36-D2212ADC4AE2}"
EndProject
Project("{8BC9CEB8-8B4A-11D0-8D11-00A0C91BC942}") = "a013羅馬數字", "a013羅馬數字\a013羅馬數字.vcxproj", "{D74BF0EF-91A0-415A-A6AF-BC3184F482C3}"
EndProject
Project("{8BC9CEB8-8B4A-11D0-8D11-00A0C91BC942}") = "a015矩陣的翻轉", "a015矩陣的翻轉\a015矩陣的翻轉.vcxproj", "{2DD6B1FD-76E0-4221-ABBC-E059C89C2579}"
EndProject
Project("{8BC9CEB8-8B4A-11D0-8D11-00A0C91BC942}") = "a016數獨(SUDOKU)", "a016數獨(SUDOKU)\a016數獨(SUDOKU).vcxproj", "{D78EAB3F-C2F5-4F11-8A36-6FAA7DEA2711}"
EndProject
Global
	GlobalSection(SolutionConfigurationPlatforms) = preSolution
		Debug|x64 = Debug|x64
		Debug|x86 = Debug|x86
		Release|x64 = Release|x64
		Release|x86 = Release|x86
	EndGlobalSection
	GlobalSection(ProjectConfigurationPlatforms) = postSolution
		{3212C1DE-7FA2-41BF-AB91-8682963AD50F}.Debug|x64.ActiveCfg = Debug|x64
		{3212C1DE-7FA2-41BF-AB91-8682963AD50F}.Debug|x64.Build.0 = Debug|x64
		{3212C1DE-7FA2-41BF-AB91-8682963AD50F}.Debug|x86.ActiveCfg = Debug|Win32
		{3212C1DE-7FA2-41BF-AB91-8682963AD50F}.Debug|x86.Build.0 = Debug|Win32
		{3212C1DE-7FA2-41BF-AB91-8682963AD50F}.Release|x64.ActiveCfg = Release|x64
		{3212C1DE-7FA2-41BF-AB91-8682963AD50F}.Release|x64.Build.0 = Release|x64
		{3212C1DE-7FA2-41BF-AB91-8682963AD50F}.Release|x86.ActiveCfg = Release|Win32
		{3212C1DE-7FA2-41BF-AB91-8682963AD50F}.Release|x86.Build.0 = Release|Win32
		{8ADE85B3-E49D-4AB3-8BEA-4F9D6B51214A}.Debug|x64.ActiveCfg = Debug|x64
		{8ADE85B3-E49D-4AB3-8BEA-4F9D6B51214A}.Debug|x64.Build.0 = Debug|x64
		{8ADE85B3-E49D-4AB3-8BEA-4F9D6B51214A}.Debug|x86.ActiveCfg = Debug|Win32
		{8ADE85B3-E49D-4AB3-8BEA-4F9D6B51214A}.Debug|x86.Build.0 = Debug|Win32
		{8ADE85B3-E49D-4AB3-8BEA-4F9D6B51214A}.Release|x64.ActiveCfg = Release|x64
		{8ADE85B3-E49D-4AB3-8BEA-4F9D6B51214A}.Release|x64.Build.0 = Release|x64
		{8ADE85B3-E49D-4AB3-8BEA-4F9D6B51214A}.Release|x86.ActiveCfg = Release|Win32
		{8ADE85B3-E49D-4AB3-8BEA-4F9D6B51214A}.Release|x86.Build.0 = Release|Win32
		{63C88DC8-E581-4407-85CE-7E76302CAA81}.Debug|x64.ActiveCfg = Debug|x64
		{63C88DC8-E581-4407-85CE-7E76302CAA81}.Debug|x64.Build.0 = Debug|x64
		{63C88DC8-E581-4407-85CE-7E76302CAA81}.Debug|x86.ActiveCfg = Debug|Win32
		{63C88DC8-E581-4407-85CE-7E76302CAA81}.Debug|x86.Build.0 = Debug|Win32
		{63C88DC8-E581-4407-85CE-7E76302CAA81}.Release|x64.ActiveCfg = Release|x64
		{63C88DC8-E581-4407-85CE-7E76302CAA81}.Release|x64.Build.0 = Release|x64
		{63C88DC8-E581-4407-85CE-7E76302CAA81}.Release|x86.ActiveCfg = Release|Win32
		{63C88DC8-E581-4407-85CE-7E76302CAA81}.Release|x86.Build.0 = Release|Win32
		{C133A046-154A-402B-A2C9-25234EF61E1B}.Debug|x64.ActiveCfg = Debug|x64
		{C133A046-154A-402B-A2C9-25234EF61E1B}.Debug|x64.Build.0 = Debug|x64
		{C133A046-154A-402B-A2C9-25234EF61E1B}.Debug|x86.ActiveCfg = Debug|Win32
		{C133A046-154A-402B-A2C9-25234EF61E1B}.Debug|x86.Build.0 = Debug|Win32
		{C133A046-154A-402B-A2C9-25234EF61E1B}.Release|x64.ActiveCfg = Release|x64
		{C133A046-154A-402B-A2C9-25234EF61E1B}.Release|x64.Build.0 = Release|x64
		{C133A046-154A-402B-A2C9-25234EF61E1B}.Release|x86.ActiveCfg = Release|Win32
		{C133A046-154A-402B-A2C9-25234EF61E1B}.Release|x86.Build.0 = Release|Win32
		{13D1E2F3-1257-4C53-ACD4-D7426F5FB58E}.Debug|x64.ActiveCfg = Debug|x64
		{13D1E2F3-1257-4C53-ACD4-D7426F5FB58E}.Debug|x64.Build.0 = Debug|x64
		{13D1E2F3-1257-4C53-ACD4-D7426F5FB58E}.Debug|x86.ActiveCfg = Debug|Win32
		{13D1E2F3-1257-4C53-ACD4-D7426F5FB58E}.Debug|x86.Build.0 = Debug|Win32
		{13D1E2F3-1257-4C53-ACD4-D7426F5FB58E}.Release|x64.ActiveCfg = Release|x64
		{13D1E2F3-1257-4C53-ACD4-D7426F5FB58E}.Release|x64.Build.0 = Release|x64
		{13D1E2F3-1257-4C53-ACD4-D7426F5FB58E}.Release|x86.ActiveCfg = Release|Win32
		{13D1E2F3-1257-4C53-ACD4-D7426F5FB58E}.Release|x86.Build.0 = Release|Win32
		{64C867DD-D4BC-4926-AD1A-6031D8844CC0}.Debug|x64.ActiveCfg = Debug|x64
		{64C867DD-D4BC-4926-AD1A-6031D8844CC0}.Debug|x64.Build.0 = Debug|x64
		{64C867DD-D4BC-4926-AD1A-6031D8844CC0}.Debug|x86.ActiveCfg = Debug|Win32
		{64C867DD-D4BC-4926-AD1A-6031D8844CC0}.Debug|x86.Build.0 = Debug|Win32
		{64C867DD-D4BC-4926-AD1A-6031D8844CC0}.Release|x64.ActiveCfg = Release|x64
		{64C867DD-D4BC-4926-AD1A-6031D8844CC0}.Release|x64.Build.0 = Release|x64
		{64C867DD-D4BC-4926-AD1A-6031D8844CC0}.Release|x86.ActiveCfg = Release|Win32
		{64C867DD-D4BC-4926-AD1A-6031D8844CC0}.Release|x86.Build.0 = Release|Win32
		{27C1F040-F53A-448B-88B7-4977C57A6B14}.Debug|x64.ActiveCfg = Debug|x64
		{27C1F040-F53A-448B-88B7-4977C57A6B14}.Debug|x64.Build.0 = Debug|x64
		{27C1F040-F53A-448B-88B7-4977C57A6B14}.Debug|x86.ActiveCfg = Debug|Win32
		{27C1F040-F53A-448B-88B7-4977C57A6B14}.Debug|x86.Build.0 = Debug|Win32
		{27C1F040-F53A-448B-88B7-4977C57A6B14}.Release|x64.ActiveCfg = Release|x64
		{27C1F040-F53A-448B-88B7-4977C57A6B14}.Release|x64.Build.0 = Release|x64
		{27C1F040-F53A-448B-88B7-4977C57A6B14}.Release|x86.ActiveCfg = Release|Win32
		{27C1F040-F53A-448B-88B7-4977C57A6B14}.Release|x86.Build.0 = Release|Win32
		{D6047B1A-901E-4D9B-AA36-D2212ADC4AE2}.Debug|x64.ActiveCfg = Debug|x64
		{D6047B1A-901E-4D9B-AA36-D2212ADC4AE2}.Debug|x64.Build.0 = Debug|x64
		{D6047B1A-901E-4D9B-AA36-D2212ADC4AE2}.Debug|x86.ActiveCfg = Debug|Win32
		{D6047B1A-901E-4D9B-AA36-D2212ADC4AE2}.Debug|x86.Build.0 = Debug|Win32
		{D6047B1A-901E-4D9B-AA36-D2212ADC4AE2}.Release|x64.ActiveCfg = Release|x64
		{D6047B1A-901E-4D9B-AA36-D2212ADC4AE2}.Release|x64.Build.0 = Release|x64
		{D6047B1A-901E-4D9B-AA36-D2212ADC4AE2}.Release|x86.ActiveCfg = Release|Win32
		{D6047B1A-901E-4D9B-AA36-D2212ADC4AE2}.Release|x86.Build.0 = Release|Win32
		{D74BF0EF-91A0-415A-A6AF-BC3184F482C3}.Debug|x64.ActiveCfg = Debug|x64
		{D74BF0EF-91A0-415A-A6AF-BC3184F482C3}.Debug|x64.Build.0 = Debug|x64
		{D74BF0EF-91A0-415A-A6AF-BC3184F482C3}.Debug|x86.ActiveCfg = Debug|Win32
		{D74BF0EF-91A0-415A-A6AF-BC3184F482C3}.Debug|x86.Build.0 = Debug|Win32
		{D74BF0EF-91A0-415A-A6AF-BC3184F482C3}.Release|x64.ActiveCfg = Release|x64
		{D74BF0EF-91A0-415A-A6AF-BC3184F482C3}.Release|x64.Build.0 = Release|x64
		{D74BF0EF-91A0-415A-A6AF-BC3184F482C3}.Release|x86.ActiveCfg = Release|Win32
		{D74BF0EF-91A0-415A-A6AF-BC3184F482C3}.Release|x86.Build.0 = Release|Win32
		{2DD6B1FD-76E0-4221-ABBC-E059C89C2579}.Debug|x64.ActiveCfg = Debug|x64
		{2DD6B1FD-76E0-4221-ABBC-E059C89C2579}.Debug|x64.Build.0 = Debug|x64
		{2DD6B1FD-76E0-4221-ABBC-E059C89C2579}.Debug|x86.ActiveCfg = Debug|Win32
		{2DD6B1FD-76E0-4221-ABBC-E059C89C2579}.Debug|x86.Build.0 = Debug|Win32
		{2DD6B1FD-76E0-4221-ABBC-E059C89C2579}.Release|x64.ActiveCfg = Release|x64
		{2DD6B1FD-76E0-4221-ABBC-E059C89C2579}.Release|x64.Build.0 = Release|x64
		{2DD6B1FD-76E0-4221-ABBC-E059C89C2579}.Release|x86.ActiveCfg = Release|Win32
		{2DD6B1FD-76E0-4221-ABBC-E059C89C2579}.Release|x86.Build.0 = Release|Win32
		{D78EAB3F-C2F5-4F11-8A36-6FAA7DEA2711}.Debug|x64.ActiveCfg = Debug|x64
		{D78EAB3F-C2F5-4F11-8A36-6FAA7DEA2711}.Debug|x64.Build.0 = Debug|x64
		{D78EAB3F-C2F5-4F11-8A36-6FAA7DEA2711}.Debug|x86.ActiveCfg = Debug|Win32
		{D78EAB3F-C2F5-4F11-8A36-6FAA7DEA2711}.Debug|x86.Build.0 = Debug|Win32
		{D78EAB3F-C2F5-4F11-8A36-6FAA7DEA2711}.Release|x64.ActiveCfg = Release|x64
		{D78EAB3F-C2F5-4F11-8A36-6FAA7DEA2711}.Release|x64.Build.0 = Release|x64
		{D78EAB3F-C2F5-4F11-8A36-6FAA7DEA2711}.Release|x86.ActiveCfg = Release|Win32
		{D78EAB3F-C2F5-4F11-8A36-6FAA7DEA2711}.Release|x86.Build.0 = Release|Win32
	EndGlobalSection
	GlobalSection(SolutionProperties) = preSolution
		HideSolutionNode = FALSE
	EndGlobalSection
EndGlobal
